
Microsoft Visual Studio Solution File, Format Version 12.00
# Visual Studio 15
VisualStudioVersion = 15.0.26124.0
MinimumVisualStudioVersion = 15.0.26124.0
Project("{FAE04EC0-301F-11D3-BF4B-00C04F79EFBC}") = "FunctionalProgramming", "FunctionalProgramming\FunctionalProgramming.csproj", "{8A0AB8FF-A0AC-444F-803D-8204E77C72E1}"
EndProject
Project("{FAE04EC0-301F-11D3-BF4B-00C04F79EFBC}") = "FunctionalProgramming.Tests", "FunctionalProgramming.Tests\FunctionalProgramming.Tests.csproj", "{E308D761-83D4-4480-A0BE-61F58A1A92EB}"
EndProject
Global
	GlobalSection(SolutionConfigurationPlatforms) = preSolution
		Debug|Any CPU = Debug|Any CPU
		Debug|x64 = Debug|x64
		Debug|x86 = Debug|x86
		Release|Any CPU = Release|Any CPU
		Release|x64 = Release|x64
		Release|x86 = Release|x86
	EndGlobalSection
	GlobalSection(SolutionProperties) = preSolution
		HideSolutionNode = FALSE
	EndGlobalSection
	GlobalSection(ProjectConfigurationPlatforms) = postSolution
		{8A0AB8FF-A0AC-444F-803D-8204E77C72E1}.Debug|Any CPU.ActiveCfg = Debug|Any CPU
		{8A0AB8FF-A0AC-444F-803D-8204E77C72E1}.Debug|Any CPU.Build.0 = Debug|Any CPU
		{8A0AB8FF-A0AC-444F-803D-8204E77C72E1}.Debug|x64.ActiveCfg = Debug|Any CPU
		{8A0AB8FF-A0AC-444F-803D-8204E77C72E1}.Debug|x64.Build.0 = Debug|Any CPU
		{8A0AB8FF-A0AC-444F-803D-8204E77C72E1}.Debug|x86.ActiveCfg = Debug|Any CPU
		{8A0AB8FF-A0AC-444F-803D-8204E77C72E1}.Debug|x86.Build.0 = Debug|Any CPU
		{8A0AB8FF-A0AC-444F-803D-8204E77C72E1}.Release|Any CPU.ActiveCfg = Release|Any CPU
		{8A0AB8FF-A0AC-444F-803D-8204E77C72E1}.Release|Any CPU.Build.0 = Release|Any CPU
		{8A0AB8FF-A0AC-444F-803D-8204E77C72E1}.Release|x64.ActiveCfg = Release|Any CPU
		{8A0AB8FF-A0AC-444F-803D-8204E77C72E1}.Release|x64.Build.0 = Release|Any CPU
		{8A0AB8FF-A0AC-444F-803D-8204E77C72E1}.Release|x86.ActiveCfg = Release|Any CPU
		{8A0AB8FF-A0AC-444F-803D-8204E77C72E1}.Release|x86.Build.0 = Release|Any CPU
		{E308D761-83D4-4480-A0BE-61F58A1A92EB}.Debug|Any CPU.ActiveCfg = Debug|Any CPU
		{E308D761-83D4-4480-A0BE-61F58A1A92EB}.Debug|Any CPU.Build.0 = Debug|Any CPU
		{E308D761-83D4-4480-A0BE-61F58A1A92EB}.Debug|x64.ActiveCfg = Debug|Any CPU
		{E308D761-83D4-4480-A0BE-61F58A1A92EB}.Debug|x64.Build.0 = Debug|Any CPU
		{E308D761-83D4-4480-A0BE-61F58A1A92EB}.Debug|x86.ActiveCfg = Debug|Any CPU
		{E308D761-83D4-4480-A0BE-61F58A1A92EB}.Debug|x86.Build.0 = Debug|Any CPU
		{E308D761-83D4-4480-A0BE-61F58A1A92EB}.Release|Any CPU.ActiveCfg = Release|Any CPU
		{E308D761-83D4-4480-A0BE-61F58A1A92EB}.Release|Any CPU.Build.0 = Release|Any CPU
		{E308D761-83D4-4480-A0BE-61F58A1A92EB}.Release|x64.ActiveCfg = Release|Any CPU
		{E308D761-83D4-4480-A0BE-61F58A1A92EB}.Release|x64.Build.0 = Release|Any CPU
		{E308D761-83D4-4480-A0BE-61F58A1A92EB}.Release|x86.ActiveCfg = Release|Any CPU
		{E308D761-83D4-4480-A0BE-61F58A1A92EB}.Release|x86.Build.0 = Release|Any CPU
	EndGlobalSection
EndGlobal
